
Microsoft Visual Studio Solution File, Format Version 12.00
# Visual Studio Version 16
VisualStudioVersion = 16.0.30011.22
MinimumVisualStudioVersion = 10.0.40219.1
Project("{FAE04EC0-301F-11D3-BF4B-00C04F79EFBC}") = "HomeworkCollection", "HomeworkCollection\HomeworkCollection.csproj", "{1E04DF93-A9D7-4A65-8397-9BB1E4351355}"
EndProject
Global
	GlobalSection(SolutionConfigurationPlatforms) = preSolution
		Debug|Any CPU = Debug|Any CPU
		Release|Any CPU = Release|Any CPU
	EndGlobalSection
	GlobalSection(ProjectConfigurationPlatforms) = postSolution
		{1E04DF93-A9D7-4A65-8397-9BB1E4351355}.Debug|Any CPU.ActiveCfg = Debug|Any CPU
		{1E04DF93-A9D7-4A65-8397-9BB1E4351355}.Debug|Any CPU.Build.0 = Debug|Any CPU
		{1E04DF93-A9D7-4A65-8397-9BB1E4351355}.Release|Any CPU.ActiveCfg = Release|Any CPU
		{1E04DF93-A9D7-4A65-8397-9BB1E4351355}.Release|Any CPU.Build.0 = Release|Any CPU
	EndGlobalSection
	GlobalSection(SolutionProperties) = preSolution
		HideSolutionNode = FALSE
	EndGlobalSection
	GlobalSection(ExtensibilityGlobals) = postSolution
		SolutionGuid = {C655296F-16B7-4304-BC4D-9FE60897FF50}
	EndGlobalSection
EndGlobal
